
Microsoft Visual Studio Solution File, Format Version 12.00
# Visual Studio Version 17
VisualStudioVersion = 17.0.32014.148
MinimumVisualStudioVersion = 10.0.40219.1
Project("{9A19103F-16F7-4668-BE54-9A1E7A4F7556}") = "SmartForm", "SmartForm\SmartForm.csproj", "{7575EC4C-F4BD-4D61-96EB-C3664C1F0391}"
EndProject
Global
	GlobalSection(SolutionConfigurationPlatforms) = preSolution
		Debug|Any CPU = Debug|Any CPU
		Release|Any CPU = Release|Any CPU
	EndGlobalSection
	GlobalSection(ProjectConfigurationPlatforms) = postSolution
		{7575EC4C-F4BD-4D61-96EB-C3664C1F0391}.Debug|Any CPU.ActiveCfg = Debug|Any CPU
		{7575EC4C-F4BD-4D61-96EB-C3664C1F0391}.Debug|Any CPU.Build.0 = Debug|Any CPU
		{7575EC4C-F4BD-4D61-96EB-C3664C1F0391}.Release|Any CPU.ActiveCfg = Release|Any CPU
		{7575EC4C-F4BD-4D61-96EB-C3664C1F0391}.Release|Any CPU.Build.0 = Release|Any CPU
	EndGlobalSection
	GlobalSection(SolutionProperties) = preSolution
		HideSolutionNode = FALSE
	EndGlobalSection
	GlobalSection(ExtensibilityGlobals) = postSolution
		SolutionGuid = {4C2F4BDB-E51B-4A9C-96A5-74876359EE16}
	EndGlobalSection
EndGlobal
